// !$*UTF8*$!
{
	archiveVersion = 1;
	classes = {
	};
	objectVersion = 46;
	objects = {

/* Begin PBXBuildFile section */
		C975D34F1D970D730007BA61 /* AppDelegate.swift in Sources */ = {isa = PBXBuildFile; fileRef = C975D34E1D970D730007BA61 /* AppDelegate.swift */; };
		C975D3511D970D730007BA61 /* ViewController.swift in Sources */ = {isa = PBXBuildFile; fileRef = C975D3501D970D730007BA61 /* ViewController.swift */; };
		C975D3541D970D730007BA61 /* Main.storyboard in Resources */ = {isa = PBXBuildFile; fileRef = C975D3521D970D730007BA61 /* Main.storyboard */; };
		C975D3561D970D730007BA61 /* Assets.xcassets in Resources */ = {isa = PBXBuildFile; fileRef = C975D3551D970D730007BA61 /* Assets.xcassets */; };
		C975D3591D970D730007BA61 /* LaunchScreen.storyboard in Resources */ = {isa = PBXBuildFile; fileRef = C975D3571D970D730007BA61 /* LaunchScreen.storyboard */; };
		C975D3641D970D740007BA61 /* MovyTests.swift in Sources */ = {isa = PBXBuildFile; fileRef = C975D3631D970D740007BA61 /* MovyTests.swift */; };
		C975D36F1D970D740007BA61 /* MovyUITests.swift in Sources */ = {isa = PBXBuildFile; fileRef = C975D36E1D970D740007BA61 /* MovyUITests.swift */; };
/* End PBXBuildFile section */

/* Begin PBXContainerItemProxy section */
		C975D3601D970D740007BA61 /* PBXContainerItemProxy */ = {
			isa = PBXContainerItemProxy;
			containerPortal = C975D3431D970D730007BA61 /* Project object */;
			proxyType = 1;
			remoteGlobalIDString = C975D34A1D970D730007BA61;
			remoteInfo = Movy;
		};
		C975D36B1D970D740007BA61 /* PBXContainerItemProxy */ = {
			isa = PBXContainerItemProxy;
			containerPortal = C975D3431D970D730007BA61 /* Project object */;
			proxyType = 1;
			remoteGlobalIDString = C975D34A1D970D730007BA61;
			remoteInfo = Movy;
		};
/* End PBXContainerItemProxy section */

/* Begin PBXFileReference section */
		C975D34B1D970D730007BA61 /* Movy.app */ = {isa = PBXFileReference; explicitFileType = wrapper.application; includeInIndex = 0; path = Movy.app; sourceTree = BUILT_PRODUCTS_DIR; };
		C975D34E1D970D730007BA61 /* AppDelegate.swift */ = {isa = PBXFileReference; lastKnownFileType = sourcecode.swift; path = AppDelegate.swift; sourceTree = "<group>"; };
		C975D3501D970D730007BA61 /* ViewController.swift */ = {isa = PBXFileReference; lastKnownFileType = sourcecode.swift; path = ViewController.swift; sourceTree = "<group>"; };
		C975D3531D970D730007BA61 /* Base */ = {isa = PBXFileReference; lastKnownFileType = file.storyboard; name = Base; path = Base.lproj/Main.storyboard; sourceTree = "<group>"; };
		C975D3551D970D730007BA61 /* Assets.xcassets */ = {isa = PBXFileReference; lastKnownFileType = folder.assetcatalog; path = Assets.xcassets; sourceTree = "<group>"; };
		C975D3581D970D730007BA61 /* Base */ = {isa = PBXFileReference; lastKnownFileType = file.storyboard; name = Base; path = Base.lproj/LaunchScreen.storyboard; sourceTree = "<group>"; };
		C975D35A1D970D730007BA61 /* Info.plist */ = {isa = PBXFileReference; lastKnownFileType = text.plist.xml; path = Info.plist; sourceTree = "<group>"; };
		C975D35F1D970D740007BA61 /* MovyTests.xctest */ = {isa = PBXFileReference; explicitFileType = wrapper.cfbundle; includeInIndex = 0; path = MovyTests.xctest; sourceTree = BUILT_PRODUCTS_DIR; };
		C975D3631D970D740007BA61 /* MovyTests.swift */ = {isa = PBXFileReference; lastKnownFileType = sourcecode.swift; path = MovyTests.swift; sourceTree = "<group>"; };
		C975D3651D970D740007BA61 /* Info.plist */ = {isa = PBXFileReference; lastKnownFileType = text.plist.xml; path = Info.plist; sourceTree = "<group>"; };
		C975D36A1D970D740007BA61 /* MovyUITests.xctest */ = {isa = PBXFileReference; explicitFileType = wrapper.cfbundle; includeInIndex = 0; path = MovyUITests.xctest; sourceTree = BUILT_PRODUCTS_DIR; };
		C975D36E1D970D740007BA61 /* MovyUITests.swift */ = {isa = PBXFileReference; lastKnownFileType = sourcecode.swift; path = MovyUITests.swift; sourceTree = "<group>"; };
		C975D3701D970D740007BA61 /* Info.plist */ = {isa = PBXFileReference; lastKnownFileType = text.plist.xml; path = Info.plist; sourceTree = "<group>"; };
/* End PBXFileReference section */

/* Begin PBXFrameworksBuildPhase section */
		C975D3481D970D730007BA61 /* Frameworks */ = {
			isa = PBXFrameworksBuildPhase;
			buildActionMask = 2147483647;
			files = (
			);
			runOnlyForDeploymentPostprocessing = 0;
		};
		C975D35C1D970D740007BA61 /* Frameworks */ = {
			isa = PBXFrameworksBuildPhase;
			buildActionMask = 2147483647;
			files = (
			);
			runOnlyForDeploymentPostprocessing = 0;
		};
		C975D3671D970D740007BA61 /* Frameworks */ = {
			isa = PBXFrameworksBuildPhase;
			buildActionMask = 2147483647;
			files = (
			);
			runOnlyForDeploymentPostprocessing = 0;
		};
/* End PBXFrameworksBuildPhase section */

/* Begin PBXGroup section */
		C975D3421D970D730007BA61 = {
			isa = PBXGroup;
			children = (
				C975D34D1D970D730007BA61 /* Movy */,
				C975D3621D970D740007BA61 /* MovyTests */,
				C975D36D1D970D740007BA61 /* MovyUITests */,
				C975D34C1D970D730007BA61 /* Products */,
			);
			sourceTree = "<group>";
		};
		C975D34C1D970D730007BA61 /* Products */ = {
			isa = PBXGroup;
			children = (
				C975D34B1D970D730007BA61 /* Movy.app */,
				C975D35F1D970D740007BA61 /* MovyTests.xctest */,
				C975D36A1D970D740007BA61 /* MovyUITests.xctest */,
			);
			name = Products;
			sourceTree = "<group>";
		};
		C975D34D1D970D730007BA61 /* Movy */ = {
			isa = PBXGroup;
			children = (
				C975D34E1D970D730007BA61 /* AppDelegate.swift */,
				C975D3501D970D730007BA61 /* ViewController.swift */,
				C975D3521D970D730007BA61 /* Main.storyboard */,
				C975D3551D970D730007BA61 /* Assets.xcassets */,
				C975D3571D970D730007BA61 /* LaunchScreen.storyboard */,
				C975D35A1D970D730007BA61 /* Info.plist */,
			);
			path = Movy;
			sourceTree = "<group>";
		};
		C975D3621D970D740007BA61 /* MovyTests */ = {
			isa = PBXGroup;
			children = (
				C975D3631D970D740007BA61 /* MovyTests.swift */,
				C975D3651D970D740007BA61 /* Info.plist */,
			);
			path = MovyTests;
			sourceTree = "<group>";
		};
		C975D36D1D970D740007BA61 /* MovyUITests */ = {
			isa = PBXGroup;
			children = (
				C975D36E1D970D740007BA61 /* MovyUITests.swift */,
				C975D3701D970D740007BA61 /* Info.plist */,
			);
			path = MovyUITests;
			sourceTree = "<group>";
		};
/* End PBXGroup section */

/* Begin PBXNativeTarget section */
		C975D34A1D970D730007BA61 /* Movy */ = {
			isa = PBXNativeTarget;
			buildConfigurationList = C975D3731D970D740007BA61 /* Build configuration list for PBXNativeTarget "Movy" */;
			buildPhases = (
				C975D3471D970D730007BA61 /* Sources */,
				C975D3481D970D730007BA61 /* Frameworks */,
				C975D3491D970D730007BA61 /* Resources */,
			);
			buildRules = (
			);
			dependencies = (
			);
			name = Movy;
			productName = Movy;
			productReference = C975D34B1D970D730007BA61 /* Movy.app */;
			productType = "com.apple.product-type.application";
		};
		C975D35E1D970D740007BA61 /* MovyTests */ = {
			isa = PBXNativeTarget;
			buildConfigurationList = C975D3761D970D740007BA61 /* Build configuration list for PBXNativeTarget "MovyTests" */;
			buildPhases = (
				C975D35B1D970D740007BA61 /* Sources */,
				C975D35C1D970D740007BA61 /* Frameworks */,
				C975D35D1D970D740007BA61 /* Resources */,
			);
			buildRules = (
			);
			dependencies = (
				C975D3611D970D740007BA61 /* PBXTargetDependency */,
			);
			name = MovyTests;
			productName = MovyTests;
			productReference = C975D35F1D970D740007BA61 /* MovyTests.xctest */;
			productType = "com.apple.product-type.bundle.unit-test";
		};
		C975D3691D970D740007BA61 /* MovyUITests */ = {
			isa = PBXNativeTarget;
			buildConfigurationList = C975D3791D970D740007BA61 /* Build configuration list for PBXNativeTarget "MovyUITests" */;
			buildPhases = (
				C975D3661D970D740007BA61 /* Sources */,
				C975D3671D970D740007BA61 /* Frameworks */,
				C975D3681D970D740007BA61 /* Resources */,
			);
			buildRules = (
			);
			dependencies = (
				C975D36C1D970D740007BA61 /* PBXTargetDependency */,
			);
			name = MovyUITests;
			productName = MovyUITests;
			productReference = C975D36A1D970D740007BA61 /* MovyUITests.xctest */;
			productType = "com.apple.product-type.bundle.ui-testing";
		};
/* End PBXNativeTarget section */

/* Begin PBXProject section */
		C975D3431D970D730007BA61 /* Project object */ = {
			isa = PBXProject;
			attributes = {
				LastSwiftUpdateCheck = 0800;
				LastUpgradeCheck = 0800;
				ORGANIZATIONNAME = prateekgrover;
				TargetAttributes = {
					C975D34A1D970D730007BA61 = {
						CreatedOnToolsVersion = 8.0;
						DevelopmentTeam = 7L6554WU68;
						ProvisioningStyle = Automatic;
					};
					C975D35E1D970D740007BA61 = {
						CreatedOnToolsVersion = 8.0;
						DevelopmentTeam = 7L6554WU68;
						ProvisioningStyle = Automatic;
						TestTargetID = C975D34A1D970D730007BA61;
					};
					C975D3691D970D740007BA61 = {
						CreatedOnToolsVersion = 8.0;
						DevelopmentTeam = 7L6554WU68;
						ProvisioningStyle = Automatic;
						TestTargetID = C975D34A1D970D730007BA61;
					};
				};
			};
			buildConfigurationList = C975D3461D970D730007BA61 /* Build configuration list for PBXProject "Movy" */;
			compatibilityVersion = "Xcode 3.2";
			developmentRegion = English;
			hasScannedForEncodings = 0;
			knownRegions = (
				en,
				Base,
			);
			mainGroup = C975D3421D970D730007BA61;
			productRefGroup = C975D34C1D970D730007BA61 /* Products */;
			projectDirPath = "";
			projectRoot = "";
			targets = (
				C975D34A1D970D730007BA61 /* Movy */,
				C975D35E1D970D740007BA61 /* MovyTests */,
				C975D3691D970D740007BA61 /* MovyUITests */,
			);
		};
/* End PBXProject section */

/* Begin PBXResourcesBuildPhase section */
		C975D3491D970D730007BA61 /* Resources */ = {
			isa = PBXResourcesBuildPhase;
			buildActionMask = 2147483647;
			files = (
				C975D3591D970D730007BA61 /* LaunchScreen.storyboard in Resources */,
				C975D3561D970D730007BA61 /* Assets.xcassets in Resources */,
				C975D3541D970D730007BA61 /* Main.storyboard in Resources */,
			);
			runOnlyForDeploymentPostprocessing = 0;
		};
		C975D35D1D970D740007BA61 /* Resources */ = {
			isa = PBXResourcesBuildPhase;
			buildActionMask = 2147483647;
			files = (
			);
			runOnlyForDeploymentPostprocessing = 0;
		};
		C975D3681D970D740007BA61 /* Resources */ = {
			isa = PBXResourcesBuildPhase;
			buildActionMask = 2147483647;
			files = (
			);
			runOnlyForDeploymentPostprocessing = 0;
		};
/* End PBXResourcesBuildPhase section */

/* Begin PBXSourcesBuildPhase section */
		C975D3471D970D730007BA61 /* Sources */ = {
			isa = PBXSourcesBuildPhase;
			buildActionMask = 2147483647;
			files = (
				C975D3511D970D730007BA61 /* ViewController.swift in Sources */,
				C975D34F1D970D730007BA61 /* AppDelegate.swift in Sources */,
			);
			runOnlyForDeploymentPostprocessing = 0;
		};
		C975D35B1D970D740007BA61 /* Sources */ = {
			isa = PBXSourcesBuildPhase;
			buildActionMask = 2147483647;
			files = (
				C975D3641D970D740007BA61 /* MovyTests.swift in Sources */,
			);
			runOnlyForDeploymentPostprocessing = 0;
		};
		C975D3661D970D740007BA61 /* Sources */ = {
			isa = PBXSourcesBuildPhase;
			buildActionMask = 2147483647;
			files = (
				C975D36F1D970D740007BA61 /* MovyUITests.swift in Sources */,
			);
			runOnlyForDeploymentPostprocessing = 0;
		};
/* End PBXSourcesBuildPhase section */

/* Begin PBXTargetDependency section */
		C975D3611D970D740007BA61 /* PBXTargetDependency */ = {
			isa = PBXTargetDependency;
			target = C975D34A1D970D730007BA61 /* Movy */;
			targetProxy = C975D3601D970D740007BA61 /* PBXContainerItemProxy */;
		};
		C975D36C1D970D740007BA61 /* PBXTargetDependency */ = {
			isa = PBXTargetDependency;
			target = C975D34A1D970D730007BA61 /* Movy */;
			targetProxy = C975D36B1D970D740007BA61 /* PBXContainerItemProxy */;
		};
/* End PBXTargetDependency section */

/* Begin PBXVariantGroup section */
		C975D3521D970D730007BA61 /* Main.storyboard */ = {
			isa = PBXVariantGroup;
			children = (
				C975D3531D970D730007BA61 /* Base */,
			);
			name = Main.storyboard;
			sourceTree = "<group>";
		};
		C975D3571D970D730007BA61 /* LaunchScreen.storyboard */ = {
			isa = PBXVariantGroup;
			children = (
				C975D3581D970D730007BA61 /* Base */,
			);
			name = LaunchScreen.storyboard;
			sourceTree = "<group>";
		};
/* End PBXVariantGroup section */

/* Begin XCBuildConfiguration section */
		C975D3711D970D740007BA61 /* Debug */ = {
			isa = XCBuildConfiguration;
			buildSettings = {
				ALWAYS_SEARCH_USER_PATHS = NO;
				CLANG_ANALYZER_NONNULL = YES;
				CLANG_CXX_LANGUAGE_STANDARD = "gnu++0x";
				CLANG_CXX_LIBRARY = "libc++";
				CLANG_ENABLE_MODULES = YES;
				CLANG_ENABLE_OBJC_ARC = YES;
				CLANG_WARN_BOOL_CONVERSION = YES;
				CLANG_WARN_CONSTANT_CONVERSION = YES;
				CLANG_WARN_DIRECT_OBJC_ISA_USAGE = YES_ERROR;
				CLANG_WARN_DOCUMENTATION_COMMENTS = YES;
				CLANG_WARN_EMPTY_BODY = YES;
				CLANG_WARN_ENUM_CONVERSION = YES;
				CLANG_WARN_INFINITE_RECURSION = YES;
				CLANG_WARN_INT_CONVERSION = YES;
				CLANG_WARN_OBJC_ROOT_CLASS = YES_ERROR;
				CLANG_WARN_SUSPICIOUS_MOVES = YES;
				CLANG_WARN_UNREACHABLE_CODE = YES;
				CLANG_WARN__DUPLICATE_METHOD_MATCH = YES;
				"CODE_SIGN_IDENTITY[sdk=iphoneos*]" = "iPhone Developer";
				COPY_PHASE_STRIP = NO;
				DEBUG_INFORMATION_FORMAT = dwarf;
				ENABLE_STRICT_OBJC_MSGSEND = YES;
				ENABLE_TESTABILITY = YES;
				GCC_C_LANGUAGE_STANDARD = gnu99;
				GCC_DYNAMIC_NO_PIC = NO;
				GCC_NO_COMMON_BLOCKS = YES;
				GCC_OPTIMIZATION_LEVEL = 0;
				GCC_PREPROCESSOR_DEFINITIONS = (
					"DEBUG=1",
					"$(inherited)",
				);
				GCC_WARN_64_TO_32_BIT_CONVERSION = YES;
				GCC_WARN_ABOUT_RETURN_TYPE = YES_ERROR;
				GCC_WARN_UNDECLARED_SELECTOR = YES;
				GCC_WARN_UNINITIALIZED_AUTOS = YES_AGGRESSIVE;
				GCC_WARN_UNUSED_FUNCTION = YES;
				GCC_WARN_UNUSED_VARIABLE = YES;
				IPHONEOS_DEPLOYMENT_TARGET = 10.0;
				MTL_ENABLE_DEBUG_INFO = YES;
				ONLY_ACTIVE_ARCH = YES;
				SDKROOT = iphoneos;
				SWIFT_ACTIVE_COMPILATION_CONDITIONS = DEBUG;
				SWIFT_OPTIMIZATION_LEVEL = "-Onone";
				TARGETED_DEVICE_FAMILY = "1,2";
			};
			name = Debug;
		};
		C975D3721D970D740007BA61 /* Release */ = {
			isa = XCBuildConfiguration;
			buildSettings = {
				ALWAYS_SEARCH_USER_PATHS = NO;
				CLANG_ANALYZER_NONNULL = YES;
				CLANG_CXX_LANGUAGE_STANDARD = "gnu++0x";
				CLANG_CXX_LIBRARY = "libc++";
				CLANG_ENABLE_MODULES = YES;
				CLANG_ENABLE_OBJC_ARC = YES;
				CLANG_WARN_BOOL_CONVERSION = YES;
				CLANG_WARN_CONSTANT_CONVERSION = YES;
				CLANG_WARN_DIRECT_OBJC_ISA_USAGE = YES_ERROR;
				CLANG_WARN_DOCUMENTATION_COMMENTS = YES;
				CLANG_WARN_EMPTY_BODY = YES;
				CLANG_WARN_ENUM_CONVERSION = YES;
				CLANG_WARN_INFINITE_RECURSION = YES;
				CLANG_WARN_INT_CONVERSION = YES;
				CLANG_WARN_OBJC_ROOT_CLASS = YES_ERROR;
				CLANG_WARN_SUSPICIOUS_MOVES = YES;
				CLANG_WARN_UNREACHABLE_CODE = YES;
				CLANG_WARN__DUPLICATE_METHOD_MATCH = YES;
				"CODE_SIGN_IDENTITY[sdk=iphoneos*]" = "iPhone Developer";
				COPY_PHASE_STRIP = NO;
				DEBUG_INFORMATION_FORMAT = "dwarf-with-dsym";
				ENABLE_NS_ASSERTIONS = NO;
				ENABLE_STRICT_OBJC_MSGSEND = YES;
				GCC_C_LANGUAGE_STANDARD = gnu99;
				GCC_NO_COMMON_BLOCKS = YES;
				GCC_WARN_64_TO_32_BIT_CONVERSION = YES;
				GCC_WARN_ABOUT_RETURN_TYPE = YES_ERROR;
				GCC_WARN_UNDECLARED_SELECTOR = YES;
				GCC_WARN_UNINITIALIZED_AUTOS = YES_AGGRESSIVE;
				GCC_WARN_UNUSED_FUNCTION = YES;
				GCC_WARN_UNUSED_VARIABLE = YES;
				IPHONEOS_DEPLOYMENT_TARGET = 10.0;
				MTL_ENABLE_DEBUG_INFO = NO;
				SDKROOT = iphoneos;
				SWIFT_OPTIMIZATION_LEVEL = "-Owholemodule";
				TARGETED_DEVICE_FAMILY = "1,2";
				VALIDATE_PRODUCT = YES;
			};
			name = Release;
		};
		C975D3741D970D740007BA61 /* Debug */ = {
			isa = XCBuildConfiguration;
			buildSettings = {
				ASSETCATALOG_COMPILER_APPICON_NAME = AppIcon;
				DEVELOPMENT_TEAM = 7L6554WU68;
				INFOPLIST_FILE = Movy/Info.plist;
				LD_RUNPATH_SEARCH_PATHS = "$(inherited) @executable_path/Frameworks";
				PRODUCT_BUNDLE_IDENTIFIER = prateekgrover.Movy;
				PRODUCT_NAME = "$(TARGET_NAME)";
				SWIFT_VERSION = 3.0;
			};
			name = Debug;
		};
		C975D3751D970D740007BA61 /* Release */ = {
			isa = XCBuildConfiguration;
			buildSettings = {
				ASSETCATALOG_COMPILER_APPICON_NAME = AppIcon;
				DEVELOPMENT_TEAM = 7L6554WU68;
				INFOPLIST_FILE = Movy/Info.plist;
				LD_RUNPATH_SEARCH_PATHS = "$(inherited) @executable_path/Frameworks";
				PRODUCT_BUNDLE_IDENTIFIER = prateekgrover.Movy;
				PRODUCT_NAME = "$(TARGET_NAME)";
				SWIFT_VERSION = 3.0;
			};
			name = Release;
		};
		C975D3771D970D740007BA61 /* Debug */ = {
			isa = XCBuildConfiguration;
			buildSettings = {
				ALWAYS_EMBED_SWIFT_STANDARD_LIBRARIES = YES;
				BUNDLE_LOADER = "$(TEST_HOST)";
				DEVELOPMENT_TEAM = 7L6554WU68;
				INFOPLIST_FILE = MovyTests/Info.plist;
				LD_RUNPATH_SEARCH_PATHS = "$(inherited) @executable_path/Frameworks @loader_path/Frameworks";
				PRODUCT_BUNDLE_IDENTIFIER = prateekgrover.MovyTests;
				PRODUCT_NAME = "$(TARGET_NAME)";
				SWIFT_VERSION = 3.0;
				TEST_HOST = "$(BUILT_PRODUCTS_DIR)/Movy.app/Movy";
			};
			name = Debug;
		};
		C975D3781D970D740007BA61 /* Release */ = {
			isa = XCBuildConfiguration;
			buildSettings = {
				ALWAYS_EMBED_SWIFT_STANDARD_LIBRARIES = YES;
				BUNDLE_LOADER = "$(TEST_HOST)";
				DEVELOPMENT_TEAM = 7L6554WU68;
				INFOPLIST_FILE = MovyTests/Info.plist;
				LD_RUNPATH_SEARCH_PATHS = "$(inherited) @executable_path/Frameworks @loader_path/Frameworks";
				PRODUCT_BUNDLE_IDENTIFIER = prateekgrover.MovyTests;
				PRODUCT_NAME = "$(TARGET_NAME)";
				SWIFT_VERSION = 3.0;
				TEST_HOST = "$(BUILT_PRODUCTS_DIR)/Movy.app/Movy";
			};
			name = Release;
		};
		C975D37A1D970D740007BA61 /* Debug */ = {
			isa = XCBuildConfiguration;
			buildSettings = {
				ALWAYS_EMBED_SWIFT_STANDARD_LIBRARIES = YES;
				DEVELOPMENT_TEAM = 7L6554WU68;
				INFOPLIST_FILE = MovyUITests/Info.plist;
				LD_RUNPATH_SEARCH_PATHS = "$(inherited) @executable_path/Frameworks @loader_path/Frameworks";
				PRODUCT_BUNDLE_IDENTIFIER = prateekgrover.MovyUITests;
				PRODUCT_NAME = "$(TARGET_NAME)";
				SWIFT_VERSION = 3.0;
				TEST_TARGET_NAME = Movy;
			};
			name = Debug;
		};
		C975D37B1D970D740007BA61 /* Release */ = {
			isa = XCBuildConfiguration;
			buildSettings = {
				ALWAYS_EMBED_SWIFT_STANDARD_LIBRARIES = YES;
				DEVELOPMENT_TEAM = 7L6554WU68;
				INFOPLIST_FILE = MovyUITests/Info.plist;
				LD_RUNPATH_SEARCH_PATHS = "$(inherited) @executable_path/Frameworks @loader_path/Frameworks";
				PRODUCT_BUNDLE_IDENTIFIER = prateekgrover.MovyUITests;
				PRODUCT_NAME = "$(TARGET_NAME)";
				SWIFT_VERSION = 3.0;
				TEST_TARGET_NAME = Movy;
			};
			name = Release;
		};
/* End XCBuildConfiguration section */

/* Begin XCConfigurationList section */
		C975D3461D970D730007BA61 /* Build configuration list for PBXProject "Movy" */ = {
			isa = XCConfigurationList;
			buildConfigurations = (
				C975D3711D970D740007BA61 /* Debug */,
				C975D3721D970D740007BA61 /* Release */,
			);
			defaultConfigurationIsVisible = 0;
			defaultConfigurationName = Release;
		};
		C975D3731D970D740007BA61 /* Build configuration list for PBXNativeTarget "Movy" */ = {
			isa = XCConfigurationList;
			buildConfigurations = (
				C975D3741D970D740007BA61 /* Debug */,
				C975D3751D970D740007BA61 /* Release */,
			);
			defaultConfigurationIsVisible = 0;
		};
		C975D3761D970D740007BA61 /* Build configuration list for PBXNativeTarget "MovyTests" */ = {
			isa = XCConfigurationList;
			buildConfigurations = (
				C975D3771D970D740007BA61 /* Debug */,
				C975D3781D970D740007BA61 /* Release */,
			);
			defaultConfigurationIsVisible = 0;
		};
		C975D3791D970D740007BA61 /* Build configuration list for PBXNativeTarget "MovyUITests" */ = {
			isa = XCConfigurationList;
			buildConfigurations = (
				C975D37A1D970D740007BA61 /* Debug */,
				C975D37B1D970D740007BA61 /* Release */,
			);
			defaultConfigurationIsVisible = 0;
		};
/* End XCConfigurationList section */
	};
	rootObject = C975D3431D970D730007BA61 /* Project object */;
}
